PODS:
  - IJKMediaFramework (0.1.5)
  - Masonry (1.1.0)
  - SJBaseVideoPlayer (3.7.6):
    - Masonry
    - SJBaseVideoPlayer/AVPlayer (= 3.7.6)
    - SJBaseVideoPlayer/Common (= 3.7.6)
    - SJBaseVideoPlayer/IJKPlayer (= 3.7.6)
    - SJUIKit/AttributesFactory (>= 0.0.0.38)
    - SJUIKit/ObserverHelper
    - SJUIKit/Queues
    - SJUIKit/SQLite3
  - SJBaseVideoPlayer/AVPlayer (3.7.6):
    - Masonry
    - SJBaseVideoPlayer/Common
    - SJUIKit/AttributesFactory (>= 0.0.0.38)
    - SJUIKit/ObserverHelper
    - SJUIKit/Queues
    - SJUIKit/SQLite3
  - SJBaseVideoPlayer/Common (3.7.6):
    - Masonry
    - SJBaseVideoPlayer/ResourceLoader
    - SJUIKit/AttributesFactory (>= 0.0.0.38)
    - SJUIKit/ObserverHelper
    - SJUIKit/Queues
    - SJUIKit/SQLite3
  - SJBaseVideoPlayer/IJKPlayer (3.7.6):
    - IJKMediaFramework
    - Masonry
    - SJBaseVideoPlayer/Common
    - SJUIKit/AttributesFactory (>= 0.0.0.38)
    - SJUIKit/ObserverHelper
    - SJUIKit/Queues
    - SJUIKit/SQLite3
  - SJBaseVideoPlayer/ResourceLoader (3.7.6):
    - Masonry
    - SJUIKit/AttributesFactory (>= 0.0.0.38)
    - SJUIKit/ObserverHelper
    - SJUIKit/Queues
    - SJUIKit/SQLite3
  - SJUIKit/AttributesFactory (0.0.0.59):
    - SJUIKit/AttributesFactory/Deprecated (= 0.0.0.59)
    - SJUIKit/AttributesFactory/UIKitText (= 0.0.0.59)
  - SJUIKit/AttributesFactory/Deprecated (0.0.0.59)
  - SJUIKit/AttributesFactory/UIKitText (0.0.0.59)
  - SJUIKit/ObserverHelper (0.0.0.59)
  - SJUIKit/Queues (0.0.0.59)
  - SJUIKit/SQLite3 (0.0.0.59):
    - SJUIKit/SQLite3/Core (= 0.0.0.59)
    - SJUIKit/SQLite3/Protocol (= 0.0.0.59)
    - YYModel
  - SJUIKit/SQLite3/Core (0.0.0.59):
    - SJUIKit/SQLite3/Protocol
    - YYModel
  - SJUIKit/SQLite3/Protocol (0.0.0.59):
    - YYModel
  - YYModel (1.0.4)

DEPENDENCIES:
  - SJBaseVideoPlayer (from `../`)

SPEC REPOS:
  trunk:
    - IJKMediaFramework
    - Masonry
    - SJUIKit
    - YYModel

EXTERNAL SOURCES:
  SJBaseVideoPlayer:
    :path: "../"

SPEC CHECKSUMS:
  IJKMediaFramework: f1119f6324c96bc4654f3045a5beaa95ba0596c0
  Masonry: 678fab65091a9290e40e2832a55e7ab731aad201
  SJBaseVideoPlayer: 3716b91e055734c720d5f70b2fa1caa92a96d8f4
  SJUIKit: a40111941e408cc17d4c1c23495aa92999e814b0
  YYModel: 2a7fdd96aaa4b86a824e26d0c517de8928c04b30

PODFILE CHECKSUM: bdcf16aa0cff368b4f8543a1943c1758e5c5be42

COCOAPODS: 1.15.2
